
Microsoft Visual Studio Solution File, Format Version 12.00
# Visual Studio Version16
VisualStudioVersion = 25.0.1703.6
MinimumVisualStudioVersion = 10.0.40219.1
Project("{FAE04EC0-301F-11D3-BF4B-00C04F79EFBC}") = "todoapi", "todoapi\todoapi.csproj", "{5270DE16-BDAB-48ED-A790-39D6429D52B9}"
EndProject
Global
	GlobalSection(SolutionConfigurationPlatforms) = preSolution
		Debug|Any CPU = Debug|Any CPU
		Release|Any CPU = Release|Any CPU
	EndGlobalSection
	GlobalSection(ProjectConfigurationPlatforms) = postSolution
		{5270DE16-BDAB-48ED-A790-39D6429D52B9}.Debug|Any CPU.ActiveCfg = Debug|Any CPU
		{5270DE16-BDAB-48ED-A790-39D6429D52B9}.Debug|Any CPU.Build.0 = Debug|Any CPU
		{5270DE16-BDAB-48ED-A790-39D6429D52B9}.Release|Any CPU.ActiveCfg = Release|Any CPU
		{5270DE16-BDAB-48ED-A790-39D6429D52B9}.Release|Any CPU.Build.0 = Release|Any CPU
	EndGlobalSection
	GlobalSection(SolutionProperties) = preSolution
		HideSolutionNode = FALSE
	EndGlobalSection
	GlobalSection(ExtensibilityGlobals) = postSolution
		SolutionGuid = {1247C9C7-D6A4-4D36-9CF8-75D7427BEE62}
	EndGlobalSection
EndGlobal
